Microsoft Visual Studio Solution File, Format Version 12.00
# Visual Studio Version 17
VisualStudioVersion = 17.5.2.0
MinimumVisualStudioVersion = 10.0.40219.1
Project("{FAE04EC0-301F-11D3-BF4B-00C04F79EFBC}") = "CS002", "CS002.csproj", "{5A989AAE-EDED-D1A0-F294-DEE4DFB4229D}"
EndProject
Global
	GlobalSection(SolutionConfigurationPlatforms) = preSolution
		Debug|Any CPU = Debug|Any CPU
		Release|Any CPU = Release|Any CPU
	EndGlobalSection
	GlobalSection(ProjectConfigurationPlatforms) = postSolution
		{5A989AAE-EDED-D1A0-F294-DEE4DFB4229D}.Debug|Any CPU.ActiveCfg = Debug|Any CPU
		{5A989AAE-EDED-D1A0-F294-DEE4DFB4229D}.Debug|Any CPU.Build.0 = Debug|Any CPU
		{5A989AAE-EDED-D1A0-F294-DEE4DFB4229D}.Release|Any CPU.ActiveCfg = Release|Any CPU
		{5A989AAE-EDED-D1A0-F294-DEE4DFB4229D}.Release|Any CPU.Build.0 = Release|Any CPU
	EndGlobalSection
	GlobalSection(SolutionProperties) = preSolution
		HideSolutionNode = FALSE
	EndGlobalSection
	GlobalSection(ExtensibilityGlobals) = postSolution
		SolutionGuid = {E45744F6-91FF-4C58-B3B1-B413162C7106}
	EndGlobalSection
EndGlobal
